{
  "lockfileVersion": 1,
  "workspaces": {
    "": {
      "name": "osv-fixture",
      "dependencies": {
        "lodash": "4.17.15",
      },
    },
  },
  "packages": {
    "lodash": ["lodash@4.17.15", "", {}, "sha512-8xOcRHvCjnocdS5cpwXQXVzmmh5e5+saE2QGoeQmbKmRS6J3VQppPOIt0MnmE+4xlZoumy0GPG0D0MVIQbNA1A=="],
  }
}
